{
  "nodes": {
    "nixpkgs": {
      "locked": {
        "lastModified": 1780025013,
        "narHash": "sha256-Cdzqrg+TLlRvm/Oj4dmtw5bknRSAaOBJt2o6HUMMGWg=",
        "owner": "snu-sf",
        "repo": "nixpkgs",
        "rev": "c293bc2e82394849cc87034996090077e160fe62",
        "type": "github"
      },
      "original": {
        "owner": "snu-sf",
        "ref": "rocq-env-0.2",
        "repo": "nixpkgs",
        "type": "github"
      }
    },
    "root": {
      "inputs": {
        "nixpkgs": "nixpkgs"
      }
    }
  },
  "root": "root",
  "version": 7
}
